
Microsoft Visual Studio Solution File, Format Version 12.00
# Visual Studio Version 17
VisualStudioVersion = 17.0.31903.59
MinimumVisualStudioVersion = 10.0.40219.1
Project("{9A19103F-16F7-4668-BE54-9A1E7A4F7556}") = "SeaOfNodes", "SeaOfNodes\SeaOfNodes.csproj", "{B9D5395F-F335-4E4E-87E2-820B1C4013D5}"
EndProject
Project("{9A19103F-16F7-4668-BE54-9A1E7A4F7556}") = "UnitTests", "UnitTests\UnitTests.csproj", "{CC2893F7-B9E1-46AD-8DC6-7C85B26C5495}"
EndProject
Project("{2150E333-8FDC-42A3-9474-1A3956D46DE8}") = "Solution Items", "Solution Items", "{35BD08B1-C2E2-4BED-8BB4-C0E79BB76032}"
	ProjectSection(SolutionItems) = preProject
		..\README.md = ..\README.md
	EndProjectSection
EndProject
Global
	GlobalSection(SolutionConfigurationPlatforms) = preSolution
		Debug|Any CPU = Debug|Any CPU
		Release|Any CPU = Release|Any CPU
	EndGlobalSection
	GlobalSection(ProjectConfigurationPlatforms) = postSolution
		{B9D5395F-F335-4E4E-87E2-820B1C4013D5}.Debug|Any CPU.ActiveCfg = Debug|Any CPU
		{B9D5395F-F335-4E4E-87E2-820B1C4013D5}.Debug|Any CPU.Build.0 = Debug|Any CPU
		{B9D5395F-F335-4E4E-87E2-820B1C4013D5}.Release|Any CPU.ActiveCfg = Release|Any CPU
		{B9D5395F-F335-4E4E-87E2-820B1C4013D5}.Release|Any CPU.Build.0 = Release|Any CPU
		{CC2893F7-B9E1-46AD-8DC6-7C85B26C5495}.Debug|Any CPU.ActiveCfg = Debug|Any CPU
		{CC2893F7-B9E1-46AD-8DC6-7C85B26C5495}.Debug|Any CPU.Build.0 = Debug|Any CPU
		{CC2893F7-B9E1-46AD-8DC6-7C85B26C5495}.Release|Any CPU.ActiveCfg = Release|Any CPU
		{CC2893F7-B9E1-46AD-8DC6-7C85B26C5495}.Release|Any CPU.Build.0 = Release|Any CPU
	EndGlobalSection
	GlobalSection(SolutionProperties) = preSolution
		HideSolutionNode = FALSE
	EndGlobalSection
	GlobalSection(ExtensibilityGlobals) = postSolution
		SolutionGuid = {AD9C9E55-2CD3-4BAC-AAC5-C86222FCFED2}
	EndGlobalSection
EndGlobal
